
Microsoft Visual Studio Solution File, Format Version 12.00
# Visual Studio Version 16
VisualStudioVersion = 16.0.31911.196
MinimumVisualStudioVersion = 10.0.40219.1
Project("{FAE04EC0-301F-11D3-BF4B-00C04F79EFBC}") = "Collections", "Collections\Collections.csproj", "{FA5D01BD-72C2-4858-BE5E-70D1B1892A27}"
EndProject
Global
	GlobalSection(SolutionConfigurationPlatforms) = preSolution
		Debug|Any CPU = Debug|Any CPU
		Release|Any CPU = Release|Any CPU
	EndGlobalSection
	GlobalSection(ProjectConfigurationPlatforms) = postSolution
		{FA5D01BD-72C2-4858-BE5E-70D1B1892A27}.Debug|Any CPU.ActiveCfg = Debug|Any CPU
		{FA5D01BD-72C2-4858-BE5E-70D1B1892A27}.Debug|Any CPU.Build.0 = Debug|Any CPU
		{FA5D01BD-72C2-4858-BE5E-70D1B1892A27}.Release|Any CPU.ActiveCfg = Release|Any CPU
		{FA5D01BD-72C2-4858-BE5E-70D1B1892A27}.Release|Any CPU.Build.0 = Release|Any CPU
	EndGlobalSection
	GlobalSection(SolutionProperties) = preSolution
		HideSolutionNode = FALSE
	EndGlobalSection
	GlobalSection(ExtensibilityGlobals) = postSolution
		SolutionGuid = {B87FA256-C508-433D-96BE-6204EECF623E}
	EndGlobalSection
EndGlobal
