
Microsoft Visual Studio Solution File, Format Version 12.00
# Visual Studio Version 16
VisualStudioVersion = 16.0.31911.196
MinimumVisualStudioVersion = 10.0.40219.1
Project("{9A19103F-16F7-4668-BE54-9A1E7A4F7556}") = "JobPortalCoreApi", "JobPortalCoreApi\JobPortalCoreApi.csproj", "{42FFD70C-4F8F-440C-B88D-F73505CF99E3}"
EndProject
Project("{9A19103F-16F7-4668-BE54-9A1E7A4F7556}") = "JobPortalCore.BAL", "JobPortalCore.BAL\JobPortalCore.BAL.csproj", "{17CE53D7-FC3E-44E6-B345-5674EBEB2364}"
EndProject
Project("{9A19103F-16F7-4668-BE54-9A1E7A4F7556}") = "JobPortalCore.DAL", "JobPortalCore.DAL\JobPortalCore.DAL.csproj", "{3315E53E-AB44-48F9-87E8-75ABF15EDF61}"
EndProject
Project("{9A19103F-16F7-4668-BE54-9A1E7A4F7556}") = "JobPortalCore.Entity", "JobPortalCore.Entity\JobPortalCore.Entity.csproj", "{FF8DF5C6-A6B6-45E8-96E5-4B1076F1F72A}"
EndProject
Project("{9A19103F-16F7-4668-BE54-9A1E7A4F7556}") = "JobPortalCore.UI", "JobPortalCore.UI\JobPortalCore.UI.csproj", "{11D15BE4-A4D4-40F8-8F7B-996631F9E67D}"
EndProject
Global
	GlobalSection(SolutionConfigurationPlatforms) = preSolution
		Debug|Any CPU = Debug|Any CPU
		Release|Any CPU = Release|Any CPU
	EndGlobalSection
	GlobalSection(ProjectConfigurationPlatforms) = postSolution
		{42FFD70C-4F8F-440C-B88D-F73505CF99E3}.Debug|Any CPU.ActiveCfg = Debug|Any CPU
		{42FFD70C-4F8F-440C-B88D-F73505CF99E3}.Debug|Any CPU.Build.0 = Debug|Any CPU
		{42FFD70C-4F8F-440C-B88D-F73505CF99E3}.Release|Any CPU.ActiveCfg = Release|Any CPU
		{42FFD70C-4F8F-440C-B88D-F73505CF99E3}.Release|Any CPU.Build.0 = Release|Any CPU
		{17CE53D7-FC3E-44E6-B345-5674EBEB2364}.Debug|Any CPU.ActiveCfg = Debug|Any CPU
		{17CE53D7-FC3E-44E6-B345-5674EBEB2364}.Debug|Any CPU.Build.0 = Debug|Any CPU
		{17CE53D7-FC3E-44E6-B345-5674EBEB2364}.Release|Any CPU.ActiveCfg = Release|Any CPU
		{17CE53D7-FC3E-44E6-B345-5674EBEB2364}.Release|Any CPU.Build.0 = Release|Any CPU
		{3315E53E-AB44-48F9-87E8-75ABF15EDF61}.Debug|Any CPU.ActiveCfg = Debug|Any CPU
		{3315E53E-AB44-48F9-87E8-75ABF15EDF61}.Debug|Any CPU.Build.0 = Debug|Any CPU
		{3315E53E-AB44-48F9-87E8-75ABF15EDF61}.Release|Any CPU.ActiveCfg = Release|Any CPU
		{3315E53E-AB44-48F9-87E8-75ABF15EDF61}.Release|Any CPU.Build.0 = Release|Any CPU
		{FF8DF5C6-A6B6-45E8-96E5-4B1076F1F72A}.Debug|Any CPU.ActiveCfg = Debug|Any CPU
		{FF8DF5C6-A6B6-45E8-96E5-4B1076F1F72A}.Debug|Any CPU.Build.0 = Debug|Any CPU
		{FF8DF5C6-A6B6-45E8-96E5-4B1076F1F72A}.Release|Any CPU.ActiveCfg = Release|Any CPU
		{FF8DF5C6-A6B6-45E8-96E5-4B1076F1F72A}.Release|Any CPU.Build.0 = Release|Any CPU
		{11D15BE4-A4D4-40F8-8F7B-996631F9E67D}.Debug|Any CPU.ActiveCfg = Debug|Any CPU
		{11D15BE4-A4D4-40F8-8F7B-996631F9E67D}.Debug|Any CPU.Build.0 = Debug|Any CPU
		{11D15BE4-A4D4-40F8-8F7B-996631F9E67D}.Release|Any CPU.ActiveCfg = Release|Any CPU
		{11D15BE4-A4D4-40F8-8F7B-996631F9E67D}.Release|Any CPU.Build.0 = Release|Any CPU
	EndGlobalSection
	GlobalSection(SolutionProperties) = preSolution
		HideSolutionNode = FALSE
	EndGlobalSection
	GlobalSection(ExtensibilityGlobals) = postSolution
		SolutionGuid = {7EFF8A13-6CF9-475A-B16E-A7CA14861D09}
	EndGlobalSection
EndGlobal
