
Microsoft Visual Studio Solution File, Format Version 12.00
# Visual Studio Version 16
VisualStudioVersion = 16.0.31911.196
MinimumVisualStudioVersion = 10.0.40219.1
Project("{FAE04EC0-301F-11D3-BF4B-00C04F79EFBC}") = "Example2_Binary", "Example2_Binary\Example2_Binary.csproj", "{DF23425B-C675-46AC-99B8-1CA084558427}"
EndProject
Global
	GlobalSection(SolutionConfigurationPlatforms) = preSolution
		Debug|Any CPU = Debug|Any CPU
		Release|Any CPU = Release|Any CPU
	EndGlobalSection
	GlobalSection(ProjectConfigurationPlatforms) = postSolution
		{DF23425B-C675-46AC-99B8-1CA084558427}.Debug|Any CPU.ActiveCfg = Debug|Any CPU
		{DF23425B-C675-46AC-99B8-1CA084558427}.Debug|Any CPU.Build.0 = Debug|Any CPU
		{DF23425B-C675-46AC-99B8-1CA084558427}.Release|Any CPU.ActiveCfg = Release|Any CPU
		{DF23425B-C675-46AC-99B8-1CA084558427}.Release|Any CPU.Build.0 = Release|Any CPU
	EndGlobalSection
	GlobalSection(SolutionProperties) = preSolution
		HideSolutionNode = FALSE
	EndGlobalSection
	GlobalSection(ExtensibilityGlobals) = postSolution
		SolutionGuid = {80139BBC-97F1-4B7E-BE35-DC7B00745313}
	EndGlobalSection
EndGlobal
